// !$*UTF8*$!
{
	archiveVersion = 1;
	classes = {
	};
	objectVersion = 46;
	objects = {

/* Begin PBXBuildFile section */
		2B3CE3411F1AD19500936E52 /* AppDelegate.swift in Sources */ = {isa = PBXBuildFile; fileRef = 2B3CE3401F1AD19500936E52 /* AppDelegate.swift */; };
		2B3CE3431F1AD19500936E52 /* ViewController.swift in Sources */ = {isa = PBXBuildFile; fileRef = 2B3CE3421F1AD19500936E52 /* ViewController.swift */; };
		2B3CE3461F1AD19500936E52 /* Main.storyboard in Resources */ = {isa = PBXBuildFile; fileRef = 2B3CE3441F1AD19500936E52 /* Main.storyboard */; };
		2B3CE3481F1AD19500936E52 /* Assets.xcassets in Resources */ = {isa = PBXBuildFile; fileRef = 2B3CE3471F1AD19500936E52 /* Assets.xcassets */; };
		2B3CE34B1F1AD19500936E52 /* LaunchScreen.storyboard in Resources */ = {isa = PBXBuildFile; fileRef = 2B3CE3491F1AD19500936E52 /* LaunchScreen.storyboard */; };
		2B3CE3561F1AD47200936E52 /* LoginViewController.swift in Sources */ = {isa = PBXBuildFile; fileRef = 2B3CE3551F1AD47200936E52 /* LoginViewController.swift */; };
		2B3CE35A1F1AD53200936E52 /* GoogleService-Info.plist in Resources */ = {isa = PBXBuildFile; fileRef = 2B3CE3591F1AD53200936E52 /* GoogleService-Info.plist */; };
		2B6111441F1B09A9001E14D4 /* Menu1.swift in Sources */ = {isa = PBXBuildFile; fileRef = 2B6111421F1B09A9001E14D4 /* Menu1.swift */; };
		2B6111451F1B09A9001E14D4 /* Menu1.xib in Resources */ = {isa = PBXBuildFile; fileRef = 2B6111431F1B09A9001E14D4 /* Menu1.xib */; };
		2B6111481F1B0C91001E14D4 /* Menu2.swift in Sources */ = {isa = PBXBuildFile; fileRef = 2B6111461F1B0C91001E14D4 /* Menu2.swift */; };
		2B6111491F1B0C91001E14D4 /* Menu2.xib in Resources */ = {isa = PBXBuildFile; fileRef = 2B6111471F1B0C91001E14D4 /* Menu2.xib */; };
		2B61114C1F1B0E59001E14D4 /* Menu3.swift in Sources */ = {isa = PBXBuildFile; fileRef = 2B61114A1F1B0E59001E14D4 /* Menu3.swift */; };
		2B61114D1F1B0E59001E14D4 /* Menu3.xib in Resources */ = {isa = PBXBuildFile; fileRef = 2B61114B1F1B0E59001E14D4 /* Menu3.xib */; };
		A1C1FD6E2598C1C01BEAC4BC /* Pods_DunkinScheduling.framework in Frameworks */ = {isa = PBXBuildFile; fileRef = 51F472FA72E099A632F07D8C /* Pods_DunkinScheduling.framework */; };
/* End PBXBuildFile section */

/* Begin PBXFileReference section */
		2B3CE33D1F1AD19500936E52 /* DunkinScheduling.app */ = {isa = PBXFileReference; explicitFileType = wrapper.application; includeInIndex = 0; path = DunkinScheduling.app; sourceTree = BUILT_PRODUCTS_DIR; };
		2B3CE3401F1AD19500936E52 /* AppDelegate.swift */ = {isa = PBXFileReference; lastKnownFileType = sourcecode.swift; path = AppDelegate.swift; sourceTree = "<group>"; };
		2B3CE3421F1AD19500936E52 /* ViewController.swift */ = {isa = PBXFileReference; lastKnownFileType = sourcecode.swift; path = ViewController.swift; sourceTree = "<group>"; };
		2B3CE3451F1AD19500936E52 /* Base */ = {isa = PBXFileReference; lastKnownFileType = file.storyboard; name = Base; path = Base.lproj/Main.storyboard; sourceTree = "<group>"; };
		2B3CE3471F1AD19500936E52 /* Assets.xcassets */ = {isa = PBXFileReference; lastKnownFileType = folder.assetcatalog; path = Assets.xcassets; sourceTree = "<group>"; };
		2B3CE34A1F1AD19500936E52 /* Base */ = {isa = PBXFileReference; lastKnownFileType = file.storyboard; name = Base; path = Base.lproj/LaunchScreen.storyboard; sourceTree = "<group>"; };
		2B3CE34C1F1AD19500936E52 /* Info.plist */ = {isa = PBXFileReference; lastKnownFileType = text.plist.xml; path = Info.plist; sourceTree = "<group>"; };
		2B3CE3551F1AD47200936E52 /* LoginViewController.swift */ = {isa = PBXFileReference; fileEncoding = 4; lastKnownFileType = sourcecode.swift; path = LoginViewController.swift; sourceTree = "<group>"; };
		2B3CE3591F1AD53200936E52 /* GoogleService-Info.plist */ = {isa = PBXFileReference; fileEncoding = 4; lastKnownFileType = text.plist.xml; path = "GoogleService-Info.plist"; sourceTree = "<group>"; };
		2B6111421F1B09A9001E14D4 /* Menu1.swift */ = {isa = PBXFileReference; fileEncoding = 4; lastKnownFileType = sourcecode.swift; path = Menu1.swift; sourceTree = "<group>"; };
		2B6111431F1B09A9001E14D4 /* Menu1.xib */ = {isa = PBXFileReference; fileEncoding = 4; lastKnownFileType = file.xib; path = Menu1.xib; sourceTree = "<group>"; };
		2B6111461F1B0C91001E14D4 /* Menu2.swift */ = {isa = PBXFileReference; fileEncoding = 4; lastKnownFileType = sourcecode.swift; path = Menu2.swift; sourceTree = "<group>"; };
		2B6111471F1B0C91001E14D4 /* Menu2.xib */ = {isa = PBXFileReference; fileEncoding = 4; lastKnownFileType = file.xib; path = Menu2.xib; sourceTree = "<group>"; };
		2B61114A1F1B0E59001E14D4 /* Menu3.swift */ = {isa = PBXFileReference; fileEncoding = 4; lastKnownFileType = sourcecode.swift; path = Menu3.swift; sourceTree = "<group>"; };
		2B61114B1F1B0E59001E14D4 /* Menu3.xib */ = {isa = PBXFileReference; fileEncoding = 4; lastKnownFileType = file.xib; path = Menu3.xib; sourceTree = "<group>"; };
		3F7EFBFD9A7712A35AD504A0 /* Pods-DunkinScheduling.release.xcconfig */ = {isa = PBXFileReference; includeInIndex = 1; lastKnownFileType = text.xcconfig; name = "Pods-DunkinScheduling.release.xcconfig"; path = "Pods/Target Support Files/Pods-DunkinScheduling/Pods-DunkinScheduling.release.xcconfig"; sourceTree = "<group>"; };
		51F472FA72E099A632F07D8C /* Pods_DunkinScheduling.framework */ = {isa = PBXFileReference; explicitFileType = wrapper.framework; includeInIndex = 0; path = Pods_DunkinScheduling.framework; sourceTree = BUILT_PRODUCTS_DIR; };
		5C001DCC12AABBF0B982A508 /* Pods-DunkinScheduling.debug.xcconfig */ = {isa = PBXFileReference; includeInIndex = 1; lastKnownFileType = text.xcconfig; name = "Pods-DunkinScheduling.debug.xcconfig"; path = "Pods/Target Support Files/Pods-DunkinScheduling/Pods-DunkinScheduling.debug.xcconfig"; sourceTree = "<group>"; };
/* End PBXFileReference section */

/* Begin PBXFrameworksBuildPhase section */
		2B3CE33A1F1AD19500936E52 /* Frameworks */ = {
			isa = PBXFrameworksBuildPhase;
			buildActionMask = 2147483647;
			files = (
				A1C1FD6E2598C1C01BEAC4BC /* Pods_DunkinScheduling.framework in Frameworks */,
			);
			runOnlyForDeploymentPostprocessing = 0;
		};
/* End PBXFrameworksBuildPhase section */

/* Begin PBXGroup section */
		2B3CE3341F1AD19500936E52 = {
			isa = PBXGroup;
			children = (
				2B3CE33F1F1AD19500936E52 /* DunkinScheduling */,
				2B3CE33E1F1AD19500936E52 /* Products */,
				6D9F523B262BA7F46814BDBE /* Pods */,
				311B1DA555D8A113DFA4E116 /* Frameworks */,
			);
			sourceTree = "<group>";
		};
		2B3CE33E1F1AD19500936E52 /* Products */ = {
			isa = PBXGroup;
			children = (
				2B3CE33D1F1AD19500936E52 /* DunkinScheduling.app */,
			);
			name = Products;
			sourceTree = "<group>";
		};
		2B3CE33F1F1AD19500936E52 /* DunkinScheduling */ = {
			isa = PBXGroup;
			children = (
				2B3CE3441F1AD19500936E52 /* Main.storyboard */,
				2B3CE3421F1AD19500936E52 /* ViewController.swift */,
				2B3CE3551F1AD47200936E52 /* LoginViewController.swift */,
				2BC885E01F1BC71600BCE8B4 /* Menus */,
				2B3CE3521F1AD1E600936E52 /* Assets */,
			);
			path = DunkinScheduling;
			sourceTree = "<group>";
		};
		2B3CE3521F1AD1E600936E52 /* Assets */ = {
			isa = PBXGroup;
			children = (
				2B3CE3591F1AD53200936E52 /* GoogleService-Info.plist */,
				2B3CE3401F1AD19500936E52 /* AppDelegate.swift */,
				2B3CE3471F1AD19500936E52 /* Assets.xcassets */,
				2B3CE3491F1AD19500936E52 /* LaunchScreen.storyboard */,
				2B3CE34C1F1AD19500936E52 /* Info.plist */,
			);
			name = Assets;
			sourceTree = "<group>";
		};
		2BC885E01F1BC71600BCE8B4 /* Menus */ = {
			isa = PBXGroup;
			children = (
				2B6111421F1B09A9001E14D4 /* Menu1.swift */,
				2B6111431F1B09A9001E14D4 /* Menu1.xib */,
				2B6111461F1B0C91001E14D4 /* Menu2.swift */,
				2B6111471F1B0C91001E14D4 /* Menu2.xib */,
				2B61114A1F1B0E59001E14D4 /* Menu3.swift */,
				2B61114B1F1B0E59001E14D4 /* Menu3.xib */,
			);
			name = Menus;
			sourceTree = "<group>";
		};
		311B1DA555D8A113DFA4E116 /* Frameworks */ = {
			isa = PBXGroup;
			children = (
				51F472FA72E099A632F07D8C /* Pods_DunkinScheduling.framework */,
			);
			name = Frameworks;
			sourceTree = "<group>";
		};
		6D9F523B262BA7F46814BDBE /* Pods */ = {
			isa = PBXGroup;
			children = (
				5C001DCC12AABBF0B982A508 /* Pods-DunkinScheduling.debug.xcconfig */,
				3F7EFBFD9A7712A35AD504A0 /* Pods-DunkinScheduling.release.xcconfig */,
			);
			name = Pods;
			sourceTree = "<group>";
		};
/* End PBXGroup section */

/* Begin PBXNativeTarget section */
		2B3CE33C1F1AD19500936E52 /* DunkinScheduling */ = {
			isa = PBXNativeTarget;
			buildConfigurationList = 2B3CE34F1F1AD19500936E52 /* Build configuration list for PBXNativeTarget "DunkinScheduling" */;
			buildPhases = (
				890DC68935A9AE0E4CCB0A99 /* [CP] Check Pods Manifest.lock */,
				2B3CE3391F1AD19500936E52 /* Sources */,
				2B3CE33A1F1AD19500936E52 /* Frameworks */,
				2B3CE33B1F1AD19500936E52 /* Resources */,
				333848CC77522BB0AAF4A8F9 /* [CP] Embed Pods Frameworks */,
				488707D7DC65F58BA6A61860 /* [CP] Copy Pods Resources */,
			);
			buildRules = (
			);
			dependencies = (
			);
			name = DunkinScheduling;
			productName = DunkinScheduling;
			productReference = 2B3CE33D1F1AD19500936E52 /* DunkinScheduling.app */;
			productType = "com.apple.product-type.application";
		};
/* End PBXNativeTarget section */

/* Begin PBXProject section */
		2B3CE3351F1AD19500936E52 /* Project object */ = {
			isa = PBXProject;
			attributes = {
				LastSwiftUpdateCheck = 0830;
				LastUpgradeCheck = 0830;
				ORGANIZATIONNAME = "Logan Schultz";
				TargetAttributes = {
					2B3CE33C1F1AD19500936E52 = {
						CreatedOnToolsVersion = 8.3.3;
						DevelopmentTeam = PCU5763FCG;
						ProvisioningStyle = Automatic;
					};
				};
			};
			buildConfigurationList = 2B3CE3381F1AD19500936E52 /* Build configuration list for PBXProject "DunkinScheduling" */;
			compatibilityVersion = "Xcode 3.2";
			developmentRegion = English;
			hasScannedForEncodings = 0;
			knownRegions = (
				en,
				Base,
			);
			mainGroup = 2B3CE3341F1AD19500936E52;
			productRefGroup = 2B3CE33E1F1AD19500936E52 /* Products */;
			projectDirPath = "";
			projectRoot = "";
			targets = (
				2B3CE33C1F1AD19500936E52 /* DunkinScheduling */,
			);
		};
/* End PBXProject section */

/* Begin PBXResourcesBuildPhase section */
		2B3CE33B1F1AD19500936E52 /* Resources */ = {
			isa = PBXResourcesBuildPhase;
			buildActionMask = 2147483647;
			files = (
				2B61114D1F1B0E59001E14D4 /* Menu3.xib in Resources */,
				2B3CE35A1F1AD53200936E52 /* GoogleService-Info.plist in Resources */,
				2B6111491F1B0C91001E14D4 /* Menu2.xib in Resources */,
				2B3CE34B1F1AD19500936E52 /* LaunchScreen.storyboard in Resources */,
				2B3CE3481F1AD19500936E52 /* Assets.xcassets in Resources */,
				2B3CE3461F1AD19500936E52 /* Main.storyboard in Resources */,
				2B6111451F1B09A9001E14D4 /* Menu1.xib in Resources */,
			);
			runOnlyForDeploymentPostprocessing = 0;
		};
/* End PBXResourcesBuildPhase section */

/* Begin PBXShellScriptBuildPhase section */
		333848CC77522BB0AAF4A8F9 /* [CP] Embed Pods Frameworks */ = {
			isa = PBXShellScriptBuildPhase;
			buildActionMask = 2147483647;
			files = (
			);
			inputPaths = (
			);
			name = "[CP] Embed Pods Frameworks";
			outputPaths = (
			);
			runOnlyForDeploymentPostprocessing = 0;
			shellPath = /bin/sh;
			shellScript = "\"${SRCROOT}/Pods/Target Support Files/Pods-DunkinScheduling/Pods-DunkinScheduling-frameworks.sh\"\n";
			showEnvVarsInLog = 0;
		};
		488707D7DC65F58BA6A61860 /* [CP] Copy Pods Resources */ = {
			isa = PBXShellScriptBuildPhase;
			buildActionMask = 2147483647;
			files = (
			);
			inputPaths = (
			);
			name = "[CP] Copy Pods Resources";
			outputPaths = (
			);
			runOnlyForDeploymentPostprocessing = 0;
			shellPath = /bin/sh;
			shellScript = "\"${SRCROOT}/Pods/Target Support Files/Pods-DunkinScheduling/Pods-DunkinScheduling-resources.sh\"\n";
			showEnvVarsInLog = 0;
		};
		890DC68935A9AE0E4CCB0A99 /* [CP] Check Pods Manifest.lock */ = {
			isa = PBXShellScriptBuildPhase;
			buildActionMask = 2147483647;
			files = (
			);
			inputPaths = (
			);
			name = "[CP] Check Pods Manifest.lock";
			outputPaths = (
			);
			runOnlyForDeploymentPostprocessing = 0;
			shellPath = /bin/sh;
			shellScript = "diff \"${PODS_PODFILE_DIR_PATH}/Podfile.lock\" \"${PODS_ROOT}/Manifest.lock\" > /dev/null\nif [ $? != 0 ] ; then\n    # print error to STDERR\n    echo \"error: The sandbox is not in sync with the Podfile.lock. Run 'pod install' or update your CocoaPods installation.\" >&2\n    exit 1\nfi\n";
			showEnvVarsInLog = 0;
		};
/* End PBXShellScriptBuildPhase section */

/* Begin PBXSourcesBuildPhase section */
		2B3CE3391F1AD19500936E52 /* Sources */ = {
			isa = PBXSourcesBuildPhase;
			buildActionMask = 2147483647;
			files = (
				2B6111441F1B09A9001E14D4 /* Menu1.swift in Sources */,
				2B3CE3561F1AD47200936E52 /* LoginViewController.swift in Sources */,
				2B3CE3431F1AD19500936E52 /* ViewController.swift in Sources */,
				2B3CE3411F1AD19500936E52 /* AppDelegate.swift in Sources */,
				2B61114C1F1B0E59001E14D4 /* Menu3.swift in Sources */,
				2B6111481F1B0C91001E14D4 /* Menu2.swift in Sources */,
			);
			runOnlyForDeploymentPostprocessing = 0;
		};
/* End PBXSourcesBuildPhase section */

/* Begin PBXVariantGroup section */
		2B3CE3441F1AD19500936E52 /* Main.storyboard */ = {
			isa = PBXVariantGroup;
			children = (
				2B3CE3451F1AD19500936E52 /* Base */,
			);
			name = Main.storyboard;
			sourceTree = "<group>";
		};
		2B3CE3491F1AD19500936E52 /* LaunchScreen.storyboard */ = {
			isa = PBXVariantGroup;
			children = (
				2B3CE34A1F1AD19500936E52 /* Base */,
			);
			name = LaunchScreen.storyboard;
			sourceTree = "<group>";
		};
/* End PBXVariantGroup section */

/* Begin XCBuildConfiguration section */
		2B3CE34D1F1AD19500936E52 /* Debug */ = {
			isa = XCBuildConfiguration;
			buildSettings = {
				ALWAYS_SEARCH_USER_PATHS = NO;
				CLANG_ANALYZER_NONNULL = YES;
				CLANG_ANALYZER_NUMBER_OBJECT_CONVERSION = YES_AGGRESSIVE;
				CLANG_CXX_LANGUAGE_STANDARD = "gnu++0x";
				CLANG_CXX_LIBRARY = "libc++";
				CLANG_ENABLE_MODULES = YES;
				CLANG_ENABLE_OBJC_ARC = YES;
				CLANG_WARN_BOOL_CONVERSION = YES;
				CLANG_WARN_CONSTANT_CONVERSION = YES;
				CLANG_WARN_DIRECT_OBJC_ISA_USAGE = YES_ERROR;
				CLANG_WARN_DOCUMENTATION_COMMENTS = YES;
				CLANG_WARN_EMPTY_BODY = YES;
				CLANG_WARN_ENUM_CONVERSION = YES;
				CLANG_WARN_INFINITE_RECURSION = YES;
				CLANG_WARN_INT_CONVERSION = YES;
				CLANG_WARN_OBJC_ROOT_CLASS = YES_ERROR;
				CLANG_WARN_SUSPICIOUS_MOVE = YES;
				CLANG_WARN_UNREACHABLE_CODE = YES;
				CLANG_WARN__DUPLICATE_METHOD_MATCH = YES;
				"CODE_SIGN_IDENTITY[sdk=iphoneos*]" = "iPhone Developer";
				COPY_PHASE_STRIP = NO;
				DEBUG_INFORMATION_FORMAT = dwarf;
				ENABLE_STRICT_OBJC_MSGSEND = YES;
				ENABLE_TESTABILITY = YES;
				GCC_C_LANGUAGE_STANDARD = gnu99;
				GCC_DYNAMIC_NO_PIC = NO;
				GCC_NO_COMMON_BLOCKS = YES;
				GCC_OPTIMIZATION_LEVEL = 0;
				GCC_PREPROCESSOR_DEFINITIONS = (
					"DEBUG=1",
					"$(inherited)",
				);
				GCC_WARN_64_TO_32_BIT_CONVERSION = YES;
				GCC_WARN_ABOUT_RETURN_TYPE = YES_ERROR;
				GCC_WARN_UNDECLARED_SELECTOR = YES;
				GCC_WARN_UNINITIALIZED_AUTOS = YES_AGGRESSIVE;
				GCC_WARN_UNUSED_FUNCTION = YES;
				GCC_WARN_UNUSED_VARIABLE = YES;
				IPHONEOS_DEPLOYMENT_TARGET = 10.3;
				MTL_ENABLE_DEBUG_INFO = YES;
				ONLY_ACTIVE_ARCH = YES;
				SDKROOT = iphoneos;
				SWIFT_ACTIVE_COMPILATION_CONDITIONS = DEBUG;
				SWIFT_OPTIMIZATION_LEVEL = "-Onone";
				TARGETED_DEVICE_FAMILY = "1,2";
			};
			name = Debug;
		};
		2B3CE34E1F1AD19500936E52 /* Release */ = {
			isa = XCBuildConfiguration;
			buildSettings = {
				ALWAYS_SEARCH_USER_PATHS = NO;
				CLANG_ANALYZER_NONNULL = YES;
				CLANG_ANALYZER_NUMBER_OBJECT_CONVERSION = YES_AGGRESSIVE;
				CLANG_CXX_LANGUAGE_STANDARD = "gnu++0x";
				CLANG_CXX_LIBRARY = "libc++";
				CLANG_ENABLE_MODULES = YES;
				CLANG_ENABLE_OBJC_ARC = YES;
				CLANG_WARN_BOOL_CONVERSION = YES;
				CLANG_WARN_CONSTANT_CONVERSION = YES;
				CLANG_WARN_DIRECT_OBJC_ISA_USAGE = YES_ERROR;
				CLANG_WARN_DOCUMENTATION_COMMENTS = YES;
				CLANG_WARN_EMPTY_BODY = YES;
				CLANG_WARN_ENUM_CONVERSION = YES;
				CLANG_WARN_INFINITE_RECURSION = YES;
				CLANG_WARN_INT_CONVERSION = YES;
				CLANG_WARN_OBJC_ROOT_CLASS = YES_ERROR;
				CLANG_WARN_SUSPICIOUS_MOVE = YES;
				CLANG_WARN_UNREACHABLE_CODE = YES;
				CLANG_WARN__DUPLICATE_METHOD_MATCH = YES;
				"CODE_SIGN_IDENTITY[sdk=iphoneos*]" = "iPhone Developer";
				COPY_PHASE_STRIP = NO;
				DEBUG_INFORMATION_FORMAT = "dwarf-with-dsym";
				ENABLE_NS_ASSERTIONS = NO;
				ENABLE_STRICT_OBJC_MSGSEND = YES;
				GCC_C_LANGUAGE_STANDARD = gnu99;
				GCC_NO_COMMON_BLOCKS = YES;
				GCC_WARN_64_TO_32_BIT_CONVERSION = YES;
				GCC_WARN_ABOUT_RETURN_TYPE = YES_ERROR;
				GCC_WARN_UNDECLARED_SELECTOR = YES;
				GCC_WARN_UNINITIALIZED_AUTOS = YES_AGGRESSIVE;
				GCC_WARN_UNUSED_FUNCTION = YES;
				GCC_WARN_UNUSED_VARIABLE = YES;
				IPHONEOS_DEPLOYMENT_TARGET = 10.3;
				MTL_ENABLE_DEBUG_INFO = NO;
				SDKROOT = iphoneos;
				SWIFT_OPTIMIZATION_LEVEL = "-Owholemodule";
				TARGETED_DEVICE_FAMILY = "1,2";
				VALIDATE_PRODUCT = YES;
			};
			name = Release;
		};
		2B3CE3501F1AD19500936E52 /* Debug */ = {
			isa = XCBuildConfiguration;
			baseConfigurationReference = 5C001DCC12AABBF0B982A508 /* Pods-DunkinScheduling.debug.xcconfig */;
			buildSettings = {
				ASSETCATALOG_COMPILER_APPICON_NAME = AppIcon;
				DEVELOPMENT_TEAM = PCU5763FCG;
				INFOPLIST_FILE = DunkinScheduling/Info.plist;
				LD_RUNPATH_SEARCH_PATHS = "$(inherited) @executable_path/Frameworks";
				PRODUCT_BUNDLE_IDENTIFIER = com.logamos.DunkinScheduling;
				PRODUCT_NAME = "$(TARGET_NAME)";
				SWIFT_VERSION = 3.0;
			};
			name = Debug;
		};
		2B3CE3511F1AD19500936E52 /* Release */ = {
			isa = XCBuildConfiguration;
			baseConfigurationReference = 3F7EFBFD9A7712A35AD504A0 /* Pods-DunkinScheduling.release.xcconfig */;
			buildSettings = {
				ASSETCATALOG_COMPILER_APPICON_NAME = AppIcon;
				DEVELOPMENT_TEAM = PCU5763FCG;
				INFOPLIST_FILE = DunkinScheduling/Info.plist;
				LD_RUNPATH_SEARCH_PATHS = "$(inherited) @executable_path/Frameworks";
				PRODUCT_BUNDLE_IDENTIFIER = com.logamos.DunkinScheduling;
				PRODUCT_NAME = "$(TARGET_NAME)";
				SWIFT_VERSION = 3.0;
			};
			name = Release;
		};
/* End XCBuildConfiguration section */

/* Begin XCConfigurationList section */
		2B3CE3381F1AD19500936E52 /* Build configuration list for PBXProject "DunkinScheduling" */ = {
			isa = XCConfigurationList;
			buildConfigurations = (
				2B3CE34D1F1AD19500936E52 /* Debug */,
				2B3CE34E1F1AD19500936E52 /* Release */,
			);
			defaultConfigurationIsVisible = 0;
			defaultConfigurationName = Release;
		};
		2B3CE34F1F1AD19500936E52 /* Build configuration list for PBXNativeTarget "DunkinScheduling" */ = {
			isa = XCConfigurationList;
			buildConfigurations = (
				2B3CE3501F1AD19500936E52 /* Debug */,
				2B3CE3511F1AD19500936E52 /* Release */,
			);
			defaultConfigurationIsVisible = 0;
			defaultConfigurationName = Release;
		};
/* End XCConfigurationList section */
	};
	rootObject = 2B3CE3351F1AD19500936E52 /* Project object */;
}
